
Microsoft Visual Studio Solution File, Format Version 12.00
# Visual Studio 15
Project("{FAE04EC0-301F-11D3-BF4B-00C04F79EFBC}") = "Assembly-CSharp", "Assembly-CSharp.csproj", "{2669108D-6CAD-39C1-54CC-1D3111B22DF7}"
EndProject
Project("{FAE04EC0-301F-11D3-BF4B-00C04F79EFBC}") = "Assembly-CSharp-firstpass", "Assembly-CSharp-firstpass.csproj", "{016BF5CC-9ADA-D817-096B-270713A3FAA2}"
EndProject
Project("{FAE04EC0-301F-11D3-BF4B-00C04F79EFBC}") = "Assembly-CSharp-Editor", "Assembly-CSharp-Editor.csproj", "{1F03CDC3-7B5F-9C00-A3FC-00CB09F54669}"
EndProject
Project("{FAE04EC0-301F-11D3-BF4B-00C04F79EFBC}") = "ParrelSync", "ParrelSync.csproj", "{39EEEC6D-8C83-8D03-77CE-2A93329CBFB7}"
EndProject
Global
	GlobalSection(SolutionConfigurationPlatforms) = preSolution
		Debug|Any CPU = Debug|Any CPU
		Release|Any CPU = Release|Any CPU
	EndGlobalSection
	GlobalSection(ProjectConfigurationPlatforms) = postSolution
		{2669108D-6CAD-39C1-54CC-1D3111B22DF7}.Debug|Any CPU.ActiveCfg = Debug|Any CPU
		{2669108D-6CAD-39C1-54CC-1D3111B22DF7}.Debug|Any CPU.Build.0 = Debug|Any CPU
		{2669108D-6CAD-39C1-54CC-1D3111B22DF7}.Release|Any CPU.ActiveCfg = Release|Any CPU
		{2669108D-6CAD-39C1-54CC-1D3111B22DF7}.Release|Any CPU.Build.0 = Release|Any CPU
		{016BF5CC-9ADA-D817-096B-270713A3FAA2}.Debug|Any CPU.ActiveCfg = Debug|Any CPU
		{016BF5CC-9ADA-D817-096B-270713A3FAA2}.Debug|Any CPU.Build.0 = Debug|Any CPU
		{016BF5CC-9ADA-D817-096B-270713A3FAA2}.Release|Any CPU.ActiveCfg = Release|Any CPU
		{016BF5CC-9ADA-D817-096B-270713A3FAA2}.Release|Any CPU.Build.0 = Release|Any CPU
		{1F03CDC3-7B5F-9C00-A3FC-00CB09F54669}.Debug|Any CPU.ActiveCfg = Debug|Any CPU
		{1F03CDC3-7B5F-9C00-A3FC-00CB09F54669}.Debug|Any CPU.Build.0 = Debug|Any CPU
		{1F03CDC3-7B5F-9C00-A3FC-00CB09F54669}.Release|Any CPU.ActiveCfg = Release|Any CPU
		{1F03CDC3-7B5F-9C00-A3FC-00CB09F54669}.Release|Any CPU.Build.0 = Release|Any CPU
		{39EEEC6D-8C83-8D03-77CE-2A93329CBFB7}.Debug|Any CPU.ActiveCfg = Debug|Any CPU
		{39EEEC6D-8C83-8D03-77CE-2A93329CBFB7}.Debug|Any CPU.Build.0 = Debug|Any CPU
		{39EEEC6D-8C83-8D03-77CE-2A93329CBFB7}.Release|Any CPU.ActiveCfg = Release|Any CPU
		{39EEEC6D-8C83-8D03-77CE-2A93329CBFB7}.Release|Any CPU.Build.0 = Release|Any CPU
	EndGlobalSection
	GlobalSection(SolutionProperties) = preSolution
		HideSolutionNode = FALSE
	EndGlobalSection
EndGlobal
